
Microsoft Visual Studio Solution File, Format Version 12.00
# Visual Studio Version 17
VisualStudioVersion = 17.7.34221.43
MinimumVisualStudioVersion = 10.0.40219.1
Project("{C9674DCB-5085-4A16-B785-4C70DD1589BD}") = "SalesMartETL", "SalesMartETL.dtproj", "{861B2441-A5CD-4771-A63E-E27391F87996}"
EndProject
Global
	GlobalSection(SolutionConfigurationPlatforms) = preSolution
		Development|Default = Development|Default
	EndGlobalSection
	GlobalSection(ProjectConfigurationPlatforms) = postSolution
		{861B2441-A5CD-4771-A63E-E27391F87996}.Development|Default.ActiveCfg = Development
		{861B2441-A5CD-4771-A63E-E27391F87996}.Development|Default.Build.0 = Development
	EndGlobalSection
	GlobalSection(SolutionProperties) = preSolution
		HideSolutionNode = FALSE
	EndGlobalSection
	GlobalSection(ExtensibilityGlobals) = postSolution
		SolutionGuid = {00C0356C-484F-4F4B-8806-3A57F955F873}
	EndGlobalSection
EndGlobal
